
Microsoft Visual Studio Solution File, Format Version 12.00
# Visual Studio Version 17
VisualStudioVersion = 17.14.36518.9 d17.14
MinimumVisualStudioVersion = 10.0.40219.1
Project("{FAE04EC0-301F-11D3-BF4B-00C04F79EFBC}") = "API", "API.csproj", "{A33A99B8-0F14-477F-A89A-AFD9414E8CF9}"
EndProject
Global
	GlobalSection(SolutionConfigurationPlatforms) = preSolution
		Debug|Any CPU = Debug|Any CPU
		Release|Any CPU = Release|Any CPU
	EndGlobalSection
	GlobalSection(ProjectConfigurationPlatforms) = postSolution
		{A33A99B8-0F14-477F-A89A-AFD9414E8CF9}.Debug|Any CPU.ActiveCfg = Debug|Any CPU
		{A33A99B8-0F14-477F-A89A-AFD9414E8CF9}.Debug|Any CPU.Build.0 = Debug|Any CPU
		{A33A99B8-0F14-477F-A89A-AFD9414E8CF9}.Release|Any CPU.ActiveCfg = Release|Any CPU
		{A33A99B8-0F14-477F-A89A-AFD9414E8CF9}.Release|Any CPU.Build.0 = Release|Any CPU
	EndGlobalSection
	GlobalSection(SolutionProperties) = preSolution
		HideSolutionNode = FALSE
	EndGlobalSection
	GlobalSection(ExtensibilityGlobals) = postSolution
		SolutionGuid = {C401A524-BD70-46B5-A30A-F327D794B8BA}
	EndGlobalSection
EndGlobal
